{
  "name": "team",
  "version": "1.0.0",
  "lockfileVersion": 1,
  "requires": true,
  "dependencies": {
    "team-generator-packages": {
      "version": "1.0.4",
      "resolved": "https://registry.npmjs.org/team-generator-packages/-/team-generator-packages-1.0.4.tgz",
      "integrity": "sha512-3it1q+irP/zedfOMRab6bbmWwxzBP6HJi0zri7jPbjkYRV6/gpJGD5WvmXuGs4rPHbt1A8A9rS8P22QQWVq9/g=="
    }
  }
}
